
Microsoft Visual Studio Solution File, Format Version 12.00
# Visual Studio Version 17
VisualStudioVersion = 17.2.32616.157
MinimumVisualStudioVersion = 10.0.40219.1
Project("{FAE04EC0-301F-11D3-BF4B-00C04F79EFBC}") = "csharp-snacks-1", "csharp-snacks-1.csproj", "{91CA9D4E-5AC3-417E-83AB-DD336C3BD802}"
EndProject
Global
	GlobalSection(SolutionConfigurationPlatforms) = preSolution
		Debug|Any CPU = Debug|Any CPU
		Release|Any CPU = Release|Any CPU
	EndGlobalSection
	GlobalSection(ProjectConfigurationPlatforms) = postSolution
		{91CA9D4E-5AC3-417E-83AB-DD336C3BD802}.Debug|Any CPU.ActiveCfg = Debug|Any CPU
		{91CA9D4E-5AC3-417E-83AB-DD336C3BD802}.Debug|Any CPU.Build.0 = Debug|Any CPU
		{91CA9D4E-5AC3-417E-83AB-DD336C3BD802}.Release|Any CPU.ActiveCfg = Release|Any CPU
		{91CA9D4E-5AC3-417E-83AB-DD336C3BD802}.Release|Any CPU.Build.0 = Release|Any CPU
	EndGlobalSection
	GlobalSection(SolutionProperties) = preSolution
		HideSolutionNode = FALSE
	EndGlobalSection
	GlobalSection(ExtensibilityGlobals) = postSolution
		SolutionGuid = {032793FF-DD38-4C84-A816-84D344AE5185}
	EndGlobalSection
EndGlobal
